<?xml version="1.0" encoding="utf-8"?>
<Project ToolsVersion="4.0" xmlns="http://schemas.microsoft.com/developer/msbuild/2003">
  <ItemGroup>
    <Filter Include="Source Files">
      <UniqueIdentifier>{4FC737F1-C7A5-4376-A066-2A32D752A2FF}</UniqueIdentifier>
      <Extensions>cpp;c;cc;cxx;c++;cppm;ixx;def;odl;idl;hpj;bat;asm;asmx</Extensions>
    </Filter>
    <Filter Include="Header Files">
      <UniqueIdentifier>{93995380-89BD-4b04-88EB-625FBE52EBFB}</UniqueIdentifier>
      <Extensions>h;hh;hpp;hxx;h++;hm;inl;inc;ipp;xsd</Extensions>
    </Filter>
    <Filter Include="Resource Files">
      <UniqueIdentifier>{67DA6AB6-F800-4c08-8B7A-83BB121AAD01}</UniqueIdentifier>
      <Extensions>rc;ico;cur;bmp;dlg;rc2;rct;bin;rgs;gif;jpg;jpeg;jpe;resx;tiff;tif;png;wav;mfcribbon-ms</Extensions>
    </Filter>
  </ItemGroup>
  <ItemGroup>
    <ClInclude Include="dx9\DX9Window.h">
      <Filter>Header Files</Filter>
    </ClInclude>
    <ClInclude Include="include\dx9\DX9Window.h">
      <Filter>Header Files</Filter>
    </ClInclude>
    <ClInclude Include="include\imgui\ImGuiWindow.h">
      <Filter>Header Files</Filter>
    </ClInclude>
    <ClInclude Include="include\system\Logger.h">
      <Filter>Header Files</Filter>
    </ClInclude>
    <ClInclude Include="include\imgui\ImguiDefines.h">
      <Filter>Header Files</Filter>
    </ClInclude>
    <ClInclude Include="include\imgui\tools\BaseTool.h">
      <Filter>Header Files</Filter>
    </ClInclude>
    <ClInclude Include="include\imgui\tools\MainWindow.h">
      <Filter>Header Files</Filter>
    </ClInclude>
    <ClInclude Include="include\imgui\tools\ExplorerWindow.h">
      <Filter>Header Files</Filter>
    </ClInclude>
    <ClInclude Include="include\project\Resource.h">
      <Filter>Header Files</Filter>
    </ClInclude>
    <ClInclude Include="include\project\Project.h">
      <Filter>Header Files</Filter>
    </ClInclude>
    <ClInclude Include="include\utils\abstractions.h">
      <Filter>Header Files</Filter>
    </ClInclude>
    <ClInclude Include="include\utils\string.h">
      <Filter>Header Files</Filter>
    </ClInclude>
    <ClInclude Include="include\project\ResourceType.h">
      <Filter>Header Files</Filter>
    </ClInclude>
    <ClInclude Include="include\low_level\FileContainer.h">
      <Filter>Header Files</Filter>
    </ClInclude>
    <ClInclude Include="include\low_level\ChunkInfo.h">
      <Filter>Header Files</Filter>
    </ClInclude>
    <ClInclude Include="include\low_level\HumongousHeader.h">
      <Filter>Header Files</Filter>
    </ClInclude>
    <ClInclude Include="include\low_level\Defines.h">
      <Filter>Header Files</Filter>
    </ClInclude>
    <ClInclude Include="include\low_level\Utils.h">
      <Filter>Header Files</Filter>
    </ClInclude>
    <ClInclude Include="include\low_level\HumongousChunkDefinitions.h">
      <Filter>Header Files</Filter>
    </ClInclude>
    <ClInclude Include="include\low_level\HumongousChunks.h">
      <Filter>Header Files</Filter>
    </ClInclude>
    <ClInclude Include="include\imgui\tools\ResourcesWindow.h">
      <Filter>Header Files</Filter>
    </ClInclude>
    <ClInclude Include="include\game\compilers\SongFileCompiler.h">
      <Filter>Header Files</Filter>
    </ClInclude>
    <ClInclude Include="include\game\Compiler.h">
      <Filter>Header Files</Filter>
    </ClInclude>
    <ClInclude Include="include\game\GameResource.h">
      <Filter>Header Files</Filter>
    </ClInclude>
    <ClInclude Include="include\game\compilers\ResourceFileCompiler.h">
      <Filter>Header Files</Filter>
    </ClInclude>
    <ClInclude Include="include\game\compilers\TalkFileCompiler.h">
      <Filter>Header Files</Filter>
    </ClInclude>
    <ClInclude Include="include\imgui\tools\GameResourceWindow.h">
      <Filter>Header Files</Filter>
    </ClInclude>
    <ClInclude Include="include\game\decompiled_resource\DecompiledResource.h">
      <Filter>Header Files</Filter>
    </ClInclude>
    <ClInclude Include="include\game\decompiled_resource\TalkResource.h">
      <Filter>Header Files</Filter>
    </ClInclude>
    <ClInclude Include="include\game\decompiled_resource\SongResource.h">
      <Filter>Header Files</Filter>
    </ClInclude>
    <ClInclude Include="include\system\audio\AudioUtils.h">
      <Filter>Header Files</Filter>
    </ClInclude>
    <ClInclude Include="include\game\decompiled_resource\SoundResource.h">
      <Filter>Header Files</Filter>
    </ClInclude>
    <ClInclude Include="include\game\decompiled_resource\SFXResource.h">
      <Filter>Header Files</Filter>
    </ClInclude>
    <ClInclude Include="include\game\decompiled_resource\ImageResource.h">
      <Filter>Header Files</Filter>
    </ClInclude>
    <ClInclude Include="include\game\decompiled_resource\RoomBackgroundResource.h">
      <Filter>Header Files</Filter>
    </ClInclude>
    <ClInclude Include="include\game\decompiled_resource\ImgInfo.h">
      <Filter>Header Files</Filter>
    </ClInclude>
    <ClInclude Include="include\game\decompiled_resource\RoomImageResource.h">
      <Filter>Header Files</Filter>
    </ClInclude>
    <ClInclude Include="include\utils\TempAllocator.h">
      <Filter>Header Files</Filter>
    </ClInclude>
    <ClInclude Include="include\game\decompiled_resource\RoomImageLayerResource.h">
      <Filter>Header Files</Filter>
    </ClInclude>
    <ClInclude Include="include\system\AudioSystem.h">
      <Filter>Header Files</Filter>
    </ClInclude>
    <ClInclude Include="include\game\decompiled_resource\ScriptResource.h">
      <Filter>Header Files</Filter>
    </ClInclude>
    <ClInclude Include="include\cmd\ArgsAllocator.h">
      <Filter>Header Files</Filter>
    </ClInclude>
    <ClInclude Include="include\cmd\ScriptInstruction.h">
      <Filter>Header Files</Filter>
    </ClInclude>
    <ClInclude Include="include\cmd\OPCodes.h">
      <Filter>Header Files</Filter>
    </ClInclude>
    <ClInclude Include="include\cmd\TalkInstruction.h">
      <Filter>Header Files</Filter>
    </ClInclude>
  </ItemGroup>
  <ItemGroup>
    <ClCompile Include="src\dx9\DX9Window.cpp">
      <Filter>Source Files</Filter>
    </ClCompile>
    <ClCompile Include="src\imgui\ImGuiWindow.cpp">
      <Filter>Source Files</Filter>
    </ClCompile>
    <ClCompile Include="src\system\Logger.cpp">
      <Filter>Source Files</Filter>
    </ClCompile>
    <ClCompile Include="src\imgui\tools\BaseTool.cpp">
      <Filter>Source Files</Filter>
    </ClCompile>
    <ClCompile Include="src\imgui\tools\MainWindow.cpp">
      <Filter>Source Files</Filter>
    </ClCompile>
    <ClCompile Include="src\main.cpp">
      <Filter>Source Files</Filter>
    </ClCompile>
    <ClCompile Include="external\imgui\imgui_draw.cpp">
      <Filter>Source Files</Filter>
    </ClCompile>
    <ClCompile Include="external\imgui\imgui_helpers.cpp">
      <Filter>Source Files</Filter>
    </ClCompile>
    <ClCompile Include="external\imgui\imgui_stdlib.cpp">
      <Filter>Source Files</Filter>
    </ClCompile>
    <ClCompile Include="external\imgui\imgui_tables.cpp">
      <Filter>Source Files</Filter>
    </ClCompile>
    <ClCompile Include="external\imgui\imgui_widgets.cpp">
      <Filter>Source Files</Filter>
    </ClCompile>
    <ClCompile Include="external\imgui\imgui.cpp">
      <Filter>Source Files</Filter>
    </ClCompile>
    <ClCompile Include="external\imgui\backends\imgui_impl_win32.cpp">
      <Filter>Source Files</Filter>
    </ClCompile>
    <ClCompile Include="external\imgui\backends\imgui_impl_dx9.cpp">
      <Filter>Source Files</Filter>
    </ClCompile>
    <ClCompile Include="external\imgui\imgui_demo.cpp">
      <Filter>Source Files</Filter>
    </ClCompile>
    <ClCompile Include="src\imgui\tools\ExplorerWindow.cpp">
      <Filter>Source Files</Filter>
    </ClCompile>
    <ClCompile Include="src\project\Resource.cpp">
      <Filter>Source Files</Filter>
    </ClCompile>
    <ClCompile Include="src\project\Project.cpp">
      <Filter>Source Files</Filter>
    </ClCompile>
    <ClCompile Include="src\utils\abstractions.cpp">
      <Filter>Source Files</Filter>
    </ClCompile>
    <ClCompile Include="src\low_level\HumongousHeader.cpp">
      <Filter>Source Files</Filter>
    </ClCompile>
    <ClCompile Include="src\low_level\Utils.cpp">
      <Filter>Source Files</Filter>
    </ClCompile>
    <ClCompile Include="src\low_level\FileContainer.cpp">
      <Filter>Source Files</Filter>
    </ClCompile>
    <ClCompile Include="src\imgui\tools\ResourcesWindow.cpp">
      <Filter>Source Files</Filter>
    </ClCompile>
    <ClCompile Include="include\game\GameResourceType.h">
      <Filter>Source Files</Filter>
    </ClCompile>
    <ClCompile Include="src\game\compilers\SongFileCompiler.cpp">
      <Filter>Source Files</Filter>
    </ClCompile>
    <ClCompile Include="src\game\compilers\ResourceFileCompiler.cpp">
      <Filter>Source Files</Filter>
    </ClCompile>
    <ClCompile Include="src\game\compilers\TalkFileCompiler.cpp">
      <Filter>Source Files</Filter>
    </ClCompile>
    <ClCompile Include="src\imgui\tools\GameResourceWindow.cpp">
      <Filter>Source Files</Filter>
    </ClCompile>
    <ClCompile Include="src\game\decompiled_resource\DecompiledResource.cpp">
      <Filter>Source Files</Filter>
    </ClCompile>
    <ClCompile Include="src\game\decompiled_resource\TalkResource.cpp">
      <Filter>Source Files</Filter>
    </ClCompile>
    <ClCompile Include="include\low_level\HumongousChunks.cpp">
      <Filter>Source Files</Filter>
    </ClCompile>
    <ClCompile Include="external\imgui\implot.cpp">
      <Filter>Source Files</Filter>
    </ClCompile>
    <ClCompile Include="external\imgui\implot_items.cpp">
      <Filter>Source Files</Filter>
    </ClCompile>
    <ClCompile Include="src\game\decompiled_resource\SongResource.cpp">
      <Filter>Source Files</Filter>
    </ClCompile>
    <ClCompile Include="src\system\audio\AudioUtils.cpp">
      <Filter>Source Files</Filter>
    </ClCompile>
    <ClCompile Include="src\game\decompiled_resource\SoundResource.cpp">
      <Filter>Source Files</Filter>
    </ClCompile>
    <ClCompile Include="src\game\decompiled_resource\SFXResource.cpp">
      <Filter>Source Files</Filter>
    </ClCompile>
    <ClCompile Include="src\game\decompiled_resource\ImageResource.cpp">
      <Filter>Source Files</Filter>
    </ClCompile>
    <ClCompile Include="src\game\decompiled_resource\RoomBackgroundResource.cpp">
      <Filter>Source Files</Filter>
    </ClCompile>
    <ClCompile Include="src\game\decompiled_resource\RoomImageResource.cpp">
      <Filter>Source Files</Filter>
    </ClCompile>
    <ClCompile Include="src\utils\TempAllocator.cpp">
      <Filter>Source Files</Filter>
    </ClCompile>
    <ClCompile Include="src\game\decompiled_resource\RoomImageLayerResource.cpp">
      <Filter>Source Files</Filter>
    </ClCompile>
    <ClCompile Include="src\system\AudioSystem.cpp">
      <Filter>Source Files</Filter>
    </ClCompile>
    <ClCompile Include="src\game\decompiled_resource\ScriptResource.cpp">
      <Filter>Source Files</Filter>
    </ClCompile>
    <ClCompile Include="src\cmd\ArgsAllocator.cpp">
      <Filter>Source Files</Filter>
    </ClCompile>
    <ClCompile Include="src\cmd\OPCodes.cpp">
      <Filter>Source Files</Filter>
    </ClCompile>
    <ClCompile Include="src\cmd\ScriptInstruction.cpp">
      <Filter>Source Files</Filter>
    </ClCompile>
    <ClCompile Include="src\cmd\TalkInstruction.cpp">
      <Filter>Source Files</Filter>
    </ClCompile>
  </ItemGroup>
</Project>