<?xml version="1.0" encoding="utf-8"?>
<Project ToolsVersion="4.0" xmlns="http://schemas.microsoft.com/developer/msbuild/2003">
  <ItemGroup>
    <Filter Include="Source Files">
      <UniqueIdentifier>{4FC737F1-C7A5-4376-A066-2A32D752A2FF}</UniqueIdentifier>
      <Extensions>cpp;c;cc;cxx;c++;cppm;ixx;def;odl;idl;hpj;bat;asm;asmx</Extensions>
    </Filter>
    <Filter Include="Header Files">
      <UniqueIdentifier>{93995380-89BD-4b04-88EB-625FBE52EBFB}</UniqueIdentifier>
      <Extensions>h;hh;hpp;hxx;h++;hm;inl;inc;ipp;xsd</Extensions>
    </Filter>
    <Filter Include="Resource Files">
      <UniqueIdentifier>{67DA6AB6-F800-4c08-8B7A-83BB121AAD01}</UniqueIdentifier>
      <Extensions>rc;ico;cur;bmp;dlg;rc2;rct;bin;rgs;gif;jpg;jpeg;jpe;resx;tiff;tif;png;wav;mfcribbon-ms</Extensions>
    </Filter>
    <Filter Include="Header Files\Form">
      <UniqueIdentifier>{91538cda-ee9b-47d2-a918-001c893cab67}</UniqueIdentifier>
    </Filter>
  </ItemGroup>
  <ItemGroup>
    <ClInclude Include="HumongousEditorForm.h">
      <Filter>Header Files</Filter>
    </ClInclude>
    <ClInclude Include="include\Temp.h">
      <Filter>Header Files</Filter>
    </ClInclude>
    <ClInclude Include="include\forms\HumongousButton.h">
      <Filter>Header Files</Filter>
    </ClInclude>
    <ClInclude Include="include\forms\HumongousToolStripMenuItem.h">
      <Filter>Header Files</Filter>
    </ClInclude>
    <ClInclude Include="include\lowlevel\Defines.h">
      <Filter>Header Files</Filter>
    </ClInclude>
    <ClInclude Include="include\lowlevel\FileContainer.h">
      <Filter>Header Files</Filter>
    </ClInclude>
    <ClInclude Include="include\lowlevel\HumongousChunks.h">
      <Filter>Header Files</Filter>
    </ClInclude>
    <ClInclude Include="include\lowlevel\HumongousHeader.h">
      <Filter>Header Files</Filter>
    </ClInclude>
    <ClInclude Include="include\lowlevel\utils.h">
      <Filter>Header Files</Filter>
    </ClInclude>
    <ClInclude Include="include\functions\FileIndexer.h">
      <Filter>Header Files</Filter>
    </ClInclude>
    <ClInclude Include="include\lowlevel\HumongousChunkDefinitions.h">
      <Filter>Header Files</Filter>
    </ClInclude>
    <ClInclude Include="include\lowlevel\ChunkInfo.h">
      <Filter>Header Files</Filter>
    </ClInclude>
    <ClInclude Include="include\functions\ResourceGatherer.h">
      <Filter>Header Files</Filter>
    </ClInclude>
    <ClInclude Include="include\file\Files.h">
      <Filter>Header Files</Filter>
    </ClInclude>
    <ClInclude Include="include\file\FileType.h">
      <Filter>Header Files</Filter>
    </ClInclude>
    <ClInclude Include="include\file\Resource.h">
      <Filter>Header Files</Filter>
    </ClInclude>
    <ClInclude Include="include\forms\HumongousNode.h">
      <Filter>Header Files</Filter>
    </ClInclude>
    <ClInclude Include="include\systems\AudioSystem.h">
      <Filter>Header Files</Filter>
    </ClInclude>
    <ClInclude Include="include\functions\TabFunctions.h">
      <Filter>Header Files</Filter>
    </ClInclude>
    <ClInclude Include="include\file\ResourceType.h">
      <Filter>Header Files</Filter>
    </ClInclude>
    <ClInclude Include="include\file\BMPHeader.h">
      <Filter>Header Files</Filter>
    </ClInclude>
    <ClInclude Include="include\functions\FileDecrypter.h">
      <Filter>Header Files</Filter>
    </ClInclude>
    <ClInclude Include="include\functions\FileFunction.h">
      <Filter>Header Files</Filter>
    </ClInclude>
    <ClInclude Include="include\systems\Logger.h">
      <Filter>Header Files</Filter>
    </ClInclude>
    <ClInclude Include="include\functions\types\base\SoundTab.h">
      <Filter>Header Files</Filter>
    </ClInclude>
    <ClInclude Include="include\functions\types\DIGITab.h">
      <Filter>Header Files</Filter>
    </ClInclude>
    <ClInclude Include="include\functions\types\SONGTab.h">
      <Filter>Header Files</Filter>
    </ClInclude>
    <ClInclude Include="include\functions\types\base\ImageTab.h">
      <Filter>Header Files</Filter>
    </ClInclude>
    <ClInclude Include="include\functions\types\BMAPTab.h">
      <Filter>Header Files</Filter>
    </ClInclude>
    <ClInclude Include="include\functions\types\TALKTab.h">
      <Filter>Header Files</Filter>
    </ClInclude>
    <ClInclude Include="include\functions\ChunkFunctions.h">
      <Filter>Header Files</Filter>
    </ClInclude>
    <ClInclude Include="include\cmd\OPCodes.h">
      <Filter>Header Files</Filter>
    </ClInclude>
    <ClInclude Include="include\functions\types\SCRPTab.h">
      <Filter>Header Files</Filter>
    </ClInclude>
    <ClInclude Include="include\lowlevel\bytecode_data.h">
      <Filter>Header Files</Filter>
    </ClInclude>
    <ClInclude Include="include\cmd\ArgsAllocator.h">
      <Filter>Header Files</Filter>
    </ClInclude>
    <ClInclude Include="include\cmd\talk_string.h">
      <Filter>Header Files</Filter>
    </ClInclude>
    <ClInclude Include="include\cmd\talk_instruction.h">
      <Filter>Header Files</Filter>
    </ClInclude>
    <ClInclude Include="include\allocators\TempAllocator.h">
      <Filter>Header Files</Filter>
    </ClInclude>
  </ItemGroup>
  <ItemGroup>
    <EmbeddedResource Include="HumongousEditorForm.resx">
      <Filter>Resource Files</Filter>
    </EmbeddedResource>
  </ItemGroup>
  <ItemGroup>
    <ClCompile Include="src\HumongousEditorForm.cpp">
      <Filter>Source Files</Filter>
    </ClCompile>
    <ClCompile Include="include\Temp.cpp">
      <Filter>Source Files</Filter>
    </ClCompile>
    <ClCompile Include="src\lowlevel\FileContainer.cpp">
      <Filter>Source Files</Filter>
    </ClCompile>
    <ClCompile Include="src\lowlevel\HumongousChunks.cpp">
      <Filter>Source Files</Filter>
    </ClCompile>
    <ClCompile Include="src\lowlevel\HumongousHeader.cpp">
      <Filter>Source Files</Filter>
    </ClCompile>
    <ClCompile Include="src\lowlevel\utils.cpp">
      <Filter>Source Files</Filter>
    </ClCompile>
    <ClCompile Include="src\functions\FileIndexer.cpp">
      <Filter>Source Files</Filter>
    </ClCompile>
    <ClCompile Include="src\lowlevel\HumongousChunkDefinitions.cpp">
      <Filter>Source Files</Filter>
    </ClCompile>
    <ClCompile Include="src\functions\ResourceGatherer.cpp">
      <Filter>Source Files</Filter>
    </ClCompile>
    <ClCompile Include="src\file\Files.cpp">
      <Filter>Source Files</Filter>
    </ClCompile>
    <ClCompile Include="src\systems\AudioSystem.cpp">
      <Filter>Source Files</Filter>
    </ClCompile>
    <ClCompile Include="src\functions\TabFunctions.cpp">
      <Filter>Source Files</Filter>
    </ClCompile>
    <ClCompile Include="src\functions\FileDecrypter.cpp">
      <Filter>Source Files</Filter>
    </ClCompile>
    <ClCompile Include="src\functions\FileFunction.cpp">
      <Filter>Source Files</Filter>
    </ClCompile>
    <ClCompile Include="src\systems\Logger.cpp">
      <Filter>Source Files</Filter>
    </ClCompile>
    <ClCompile Include="src\file\ResourceType.cpp">
      <Filter>Source Files</Filter>
    </ClCompile>
    <ClCompile Include="src\functions\types\base\SoundTab.cpp">
      <Filter>Source Files</Filter>
    </ClCompile>
    <ClCompile Include="src\functions\types\DIGITab.cpp">
      <Filter>Source Files</Filter>
    </ClCompile>
    <ClCompile Include="src\functions\types\SONGTab.cpp">
      <Filter>Source Files</Filter>
    </ClCompile>
    <ClCompile Include="src\functions\types\base\ImageTab.cpp">
      <Filter>Source Files</Filter>
    </ClCompile>
    <ClCompile Include="src\functions\types\BMAPTab.cpp">
      <Filter>Source Files</Filter>
    </ClCompile>
    <ClCompile Include="src\functions\types\TALKTab.cpp">
      <Filter>Source Files</Filter>
    </ClCompile>
    <ClCompile Include="src\functions\ChunkFunctions.cpp">
      <Filter>Source Files</Filter>
    </ClCompile>
    <ClCompile Include="src\functions\types\SCRPTab.cpp">
      <Filter>Source Files</Filter>
    </ClCompile>
    <ClCompile Include="src\cmd\OPCodes.cpp">
      <Filter>Source Files</Filter>
    </ClCompile>
    <ClCompile Include="src\cmd\ArgsAllocator.cpp">
      <Filter>Source Files</Filter>
    </ClCompile>
    <ClCompile Include="src\cmd\talk_string.cpp">
      <Filter>Source Files</Filter>
    </ClCompile>
    <ClCompile Include="src\allocators\TempAllocator.cpp">
      <Filter>Source Files</Filter>
    </ClCompile>
  </ItemGroup>
</Project>